
Microsoft Visual Studio Solution File, Format Version 12.00
# Visual Studio Version 16
VisualStudioVersion = 16.0.29509.3
MinimumVisualStudioVersion = 10.0.40219.1
Project("{FAE04EC0-301F-11D3-BF4B-00C04F79EFBC}") = "AnagramaGen", "AnagramaGen.csproj", "{3CBA5629-CB99-4FA1-8109-CE58C5730D50}"
EndProject
Project("{FAE04EC0-301F-11D3-BF4B-00C04F79EFBC}") = "AnagramGenTest", "..\AnagramGenTest\AnagramGenTest.csproj", "{10CF0D4E-05A8-4A82-BC02-F6CAB0FD2F65}"
EndProject
Global
	GlobalSection(SolutionConfigurationPlatforms) = preSolution
		Debug|Any CPU = Debug|Any CPU
		Release|Any CPU = Release|Any CPU
	EndGlobalSection
	GlobalSection(ProjectConfigurationPlatforms) = postSolution
		{3CBA5629-CB99-4FA1-8109-CE58C5730D50}.Debug|Any CPU.ActiveCfg = Debug|Any CPU
		{3CBA5629-CB99-4FA1-8109-CE58C5730D50}.Debug|Any CPU.Build.0 = Debug|Any CPU
		{3CBA5629-CB99-4FA1-8109-CE58C5730D50}.Release|Any CPU.ActiveCfg = Release|Any CPU
		{3CBA5629-CB99-4FA1-8109-CE58C5730D50}.Release|Any CPU.Build.0 = Release|Any CPU
		{10CF0D4E-05A8-4A82-BC02-F6CAB0FD2F65}.Debug|Any CPU.ActiveCfg = Debug|Any CPU
		{10CF0D4E-05A8-4A82-BC02-F6CAB0FD2F65}.Debug|Any CPU.Build.0 = Debug|Any CPU
		{10CF0D4E-05A8-4A82-BC02-F6CAB0FD2F65}.Release|Any CPU.ActiveCfg = Release|Any CPU
		{10CF0D4E-05A8-4A82-BC02-F6CAB0FD2F65}.Release|Any CPU.Build.0 = Release|Any CPU
	EndGlobalSection
	GlobalSection(SolutionProperties) = preSolution
		HideSolutionNode = FALSE
	EndGlobalSection
	GlobalSection(ExtensibilityGlobals) = postSolution
		SolutionGuid = {C1391369-DE85-426B-8D78-C6D318D735C7}
	EndGlobalSection
EndGlobal
